{
  "name": "zengo",
  "lockfileVersion": 3,
  "requires": true,
  "packages": {
    "": {
      "dependencies": {
        "@zendbx/sdk": "^1.0.0"
      }
    },
    "node_modules/@zendbx/sdk": {
      "version": "1.0.0",
      "resolved": "https://registry.npmjs.org/@zendbx/sdk/-/sdk-1.0.0.tgz",
      "integrity": "sha512-UzRxvYEaIVcBWd/lF4kZg7+x5iUwDMtz5w7krQIzdp229L9gdtvQMC8B7X7RMtK9XngS5sJ4ngZq7CZR59P3rg==",
      "license": "MIT",
      "engines": {
        "node": ">=18"
      }
    }
  }
}
